// !$*UTF8*$!
{
	archiveVersion = 1;
	classes = {
	};
	objectVersion = 50;
	objects = {

/* Begin PBXBuildFile section */
		B224FF2324FF2C0900465ECF /* AppDelegate.swift in Sources */ = {isa = PBXBuildFile; fileRef = B224FF2224FF2C0900465ECF /* AppDelegate.swift */; };
		B224FF2524FF2C0900465ECF /* SceneDelegate.swift in Sources */ = {isa = PBXBuildFile; fileRef = B224FF2424FF2C0900465ECF /* SceneDelegate.swift */; };
		B224FF2724FF2C0900465ECF /* ViewController.swift in Sources */ = {isa = PBXBuildFile; fileRef = B224FF2624FF2C0900465ECF /* ViewController.swift */; };
		B224FF2A24FF2C0900465ECF /* Main.storyboard in Resources */ = {isa = PBXBuildFile; fileRef = B224FF2824FF2C0900465ECF /* Main.storyboard */; };
		B224FF2C24FF2C0B00465ECF /* Assets.xcassets in Resources */ = {isa = PBXBuildFile; fileRef = B224FF2B24FF2C0B00465ECF /* Assets.xcassets */; };
		B224FF2F24FF2C0B00465ECF /* LaunchScreen.storyboard in Resources */ = {isa = PBXBuildFile; fileRef = B224FF2D24FF2C0B00465ECF /* LaunchScreen.storyboard */; };
/* End PBXBuildFile section */

/* Begin PBXFileReference section */
		B224FF1F24FF2C0900465ECF /* CompanyContacts.app */ = {isa = PBXFileReference; explicitFileType = wrapper.application; includeInIndex = 0; path = CompanyContacts.app; sourceTree = BUILT_PRODUCTS_DIR; };
		B224FF2224FF2C0900465ECF /* AppDelegate.swift */ = {isa = PBXFileReference; lastKnownFileType = sourcecode.swift; path = AppDelegate.swift; sourceTree = "<group>"; };
		B224FF2424FF2C0900465ECF /* SceneDelegate.swift */ = {isa = PBXFileReference; lastKnownFileType = sourcecode.swift; path = SceneDelegate.swift; sourceTree = "<group>"; };
		B224FF2624FF2C0900465ECF /* ViewController.swift */ = {isa = PBXFileReference; lastKnownFileType = sourcecode.swift; path = ViewController.swift; sourceTree = "<group>"; };
		B224FF2924FF2C0900465ECF /* Base */ = {isa = PBXFileReference; lastKnownFileType = file.storyboard; name = Base; path = Base.lproj/Main.storyboard; sourceTree = "<group>"; };
		B224FF2B24FF2C0B00465ECF /* Assets.xcassets */ = {isa = PBXFileReference; lastKnownFileType = folder.assetcatalog; path = Assets.xcassets; sourceTree = "<group>"; };
		B224FF2E24FF2C0B00465ECF /* Base */ = {isa = PBXFileReference; lastKnownFileType = file.storyboard; name = Base; path = Base.lproj/LaunchScreen.storyboard; sourceTree = "<group>"; };
		B224FF3024FF2C0B00465ECF /* Info.plist */ = {isa = PBXFileReference; lastKnownFileType = text.plist.xml; path = Info.plist; sourceTree = "<group>"; };
/* End PBXFileReference section */

/* Begin PBXFrameworksBuildPhase section */
		B224FF1C24FF2C0900465ECF /* Frameworks */ = {
			isa = PBXFrameworksBuildPhase;
			buildActionMask = 2147483647;
			files = (
			);
			runOnlyForDeploymentPostprocessing = 0;
		};
/* End PBXFrameworksBuildPhase section */

/* Begin PBXGroup section */
		B224FF1624FF2C0900465ECF = {
			isa = PBXGroup;
			children = (
				B224FF2124FF2C0900465ECF /* CompanyContacts */,
				B224FF2024FF2C0900465ECF /* Products */,
			);
			sourceTree = "<group>";
		};
		B224FF2024FF2C0900465ECF /* Products */ = {
			isa = PBXGroup;
			children = (
				B224FF1F24FF2C0900465ECF /* CompanyContacts.app */,
			);
			name = Products;
			sourceTree = "<group>";
		};
		B224FF2124FF2C0900465ECF /* CompanyContacts */ = {
			isa = PBXGroup;
			children = (
				B224FF2224FF2C0900465ECF /* AppDelegate.swift */,
				B224FF2424FF2C0900465ECF /* SceneDelegate.swift */,
				B224FF2624FF2C0900465ECF /* ViewController.swift */,
				B224FF2824FF2C0900465ECF /* Main.storyboard */,
				B224FF2B24FF2C0B00465ECF /* Assets.xcassets */,
				B224FF2D24FF2C0B00465ECF /* LaunchScreen.storyboard */,
				B224FF3024FF2C0B00465ECF /* Info.plist */,
			);
			path = CompanyContacts;
			sourceTree = "<group>";
		};
/* End PBXGroup section */

/* Begin PBXNativeTarget section */
		B224FF1E24FF2C0900465ECF /* CompanyContacts */ = {
			isa = PBXNativeTarget;
			buildConfigurationList = B224FF3324FF2C0B00465ECF /* Build configuration list for PBXNativeTarget "CompanyContacts" */;
			buildPhases = (
				B224FF1B24FF2C0900465ECF /* Sources */,
				B224FF1C24FF2C0900465ECF /* Frameworks */,
				B224FF1D24FF2C0900465ECF /* Resources */,
			);
			buildRules = (
			);
			dependencies = (
			);
			name = CompanyContacts;
			productName = CompanyContacts;
			productReference = B224FF1F24FF2C0900465ECF /* CompanyContacts.app */;
			productType = "com.apple.product-type.application";
		};
/* End PBXNativeTarget section */

/* Begin PBXProject section */
		B224FF1724FF2C0900465ECF /* Project object */ = {
			isa = PBXProject;
			attributes = {
				LastSwiftUpdateCheck = 1160;
				LastUpgradeCheck = 1160;
				ORGANIZATIONNAME = "Kudryatzhan Arziyev";
				TargetAttributes = {
					B224FF1E24FF2C0900465ECF = {
						CreatedOnToolsVersion = 11.6;
					};
				};
			};
			buildConfigurationList = B224FF1A24FF2C0900465ECF /* Build configuration list for PBXProject "CompanyContacts" */;
			compatibilityVersion = "Xcode 9.3";
			developmentRegion = en;
			hasScannedForEncodings = 0;
			knownRegions = (
				en,
				Base,
			);
			mainGroup = B224FF1624FF2C0900465ECF;
			productRefGroup = B224FF2024FF2C0900465ECF /* Products */;
			projectDirPath = "";
			projectRoot = "";
			targets = (
				B224FF1E24FF2C0900465ECF /* CompanyContacts */,
			);
		};
/* End PBXProject section */

/* Begin PBXResourcesBuildPhase section */
		B224FF1D24FF2C0900465ECF /* Resources */ = {
			isa = PBXResourcesBuildPhase;
			buildActionMask = 2147483647;
			files = (
				B224FF2F24FF2C0B00465ECF /* LaunchScreen.storyboard in Resources */,
				B224FF2C24FF2C0B00465ECF /* Assets.xcassets in Resources */,
				B224FF2A24FF2C0900465ECF /* Main.storyboard in Resources */,
			);
			runOnlyForDeploymentPostprocessing = 0;
		};
/* End PBXResourcesBuildPhase section */

/* Begin PBXSourcesBuildPhase section */
		B224FF1B24FF2C0900465ECF /* Sources */ = {
			isa = PBXSourcesBuildPhase;
			buildActionMask = 2147483647;
			files = (
				B224FF2724FF2C0900465ECF /* ViewController.swift in Sources */,
				B224FF2324FF2C0900465ECF /* AppDelegate.swift in Sources */,
				B224FF2524FF2C0900465ECF /* SceneDelegate.swift in Sources */,
			);
			runOnlyForDeploymentPostprocessing = 0;
		};
/* End PBXSourcesBuildPhase section */

/* Begin PBXVariantGroup section */
		B224FF2824FF2C0900465ECF /* Main.storyboard */ = {
			isa = PBXVariantGroup;
			children = (
				B224FF2924FF2C0900465ECF /* Base */,
			);
			name = Main.storyboard;
			sourceTree = "<group>";
		};
		B224FF2D24FF2C0B00465ECF /* LaunchScreen.storyboard */ = {
			isa = PBXVariantGroup;
			children = (
				B224FF2E24FF2C0B00465ECF /* Base */,
			);
			name = LaunchScreen.storyboard;
			sourceTree = "<group>";
		};
/* End PBXVariantGroup section */

/* Begin XCBuildConfiguration section */
		B224FF3124FF2C0B00465ECF /* Debug */ = {
			isa = XCBuildConfiguration;
			buildSettings = {
				ALWAYS_SEARCH_USER_PATHS = NO;
				CLANG_ANALYZER_NONNULL = YES;
				CLANG_ANALYZER_NUMBER_OBJECT_CONVERSION = YES_AGGRESSIVE;
				CLANG_CXX_LANGUAGE_STANDARD = "gnu++14";
				CLANG_CXX_LIBRARY = "libc++";
				CLANG_ENABLE_MODULES = YES;
				CLANG_ENABLE_OBJC_ARC = YES;
				CLANG_ENABLE_OBJC_WEAK = YES;
				CLANG_WARN_BLOCK_CAPTURE_AUTORELEASING = YES;
				CLANG_WARN_BOOL_CONVERSION = YES;
				CLANG_WARN_COMMA = YES;
				CLANG_WARN_CONSTANT_CONVERSION = YES;
				CLANG_WARN_DEPRECATED_OBJC_IMPLEMENTATIONS = YES;
				CLANG_WARN_DIRECT_OBJC_ISA_USAGE = YES_ERROR;
				CLANG_WARN_DOCUMENTATION_COMMENTS = YES;
				CLANG_WARN_EMPTY_BODY = YES;
				CLANG_WARN_ENUM_CONVERSION = YES;
				CLANG_WARN_INFINITE_RECURSION = YES;
				CLANG_WARN_INT_CONVERSION = YES;
				CLANG_WARN_NON_LITERAL_NULL_CONVERSION = YES;
				CLANG_WARN_OBJC_IMPLICIT_RETAIN_SELF = YES;
				CLANG_WARN_OBJC_LITERAL_CONVERSION = YES;
				CLANG_WARN_OBJC_ROOT_CLASS = YES_ERROR;
				CLANG_WARN_RANGE_LOOP_ANALYSIS = YES;
				CLANG_WARN_STRICT_PROTOTYPES = YES;
				CLANG_WARN_SUSPICIOUS_MOVE = YES;
				CLANG_WARN_UNGUARDED_AVAILABILITY = YES_AGGRESSIVE;
				CLANG_WARN_UNREACHABLE_CODE = YES;
				CLANG_WARN__DUPLICATE_METHOD_MATCH = YES;
				COPY_PHASE_STRIP = NO;
				DEBUG_INFORMATION_FORMAT = dwarf;
				ENABLE_STRICT_OBJC_MSGSEND = YES;
				ENABLE_TESTABILITY = YES;
				GCC_C_LANGUAGE_STANDARD = gnu11;
				GCC_DYNAMIC_NO_PIC = NO;
				GCC_NO_COMMON_BLOCKS = YES;
				GCC_OPTIMIZATION_LEVEL = 0;
				GCC_PREPROCESSOR_DEFINITIONS = (
					"DEBUG=1",
					"$(inherited)",
				);
				GCC_WARN_64_TO_32_BIT_CONVERSION = YES;
				GCC_WARN_ABOUT_RETURN_TYPE = YES_ERROR;
				GCC_WARN_UNDECLARED_SELECTOR = YES;
				GCC_WARN_UNINITIALIZED_AUTOS = YES_AGGRESSIVE;
				GCC_WARN_UNUSED_FUNCTION = YES;
				GCC_WARN_UNUSED_VARIABLE = YES;
				IPHONEOS_DEPLOYMENT_TARGET = 13.6;
				MTL_ENABLE_DEBUG_INFO = INCLUDE_SOURCE;
				MTL_FAST_MATH = YES;
				ONLY_ACTIVE_ARCH = YES;
				SDKROOT = iphoneos;
				SWIFT_ACTIVE_COMPILATION_CONDITIONS = DEBUG;
				SWIFT_OPTIMIZATION_LEVEL = "-Onone";
			};
			name = Debug;
		};
		B224FF3224FF2C0B00465ECF /* Release */ = {
			isa = XCBuildConfiguration;
			buildSettings = {
				ALWAYS_SEARCH_USER_PATHS = NO;
				CLANG_ANALYZER_NONNULL = YES;
				CLANG_ANALYZER_NUMBER_OBJECT_CONVERSION = YES_AGGRESSIVE;
				CLANG_CXX_LANGUAGE_STANDARD = "gnu++14";
				CLANG_CXX_LIBRARY = "libc++";
				CLANG_ENABLE_MODULES = YES;
				CLANG_ENABLE_OBJC_ARC = YES;
				CLANG_ENABLE_OBJC_WEAK = YES;
				CLANG_WARN_BLOCK_CAPTURE_AUTORELEASING = YES;
				CLANG_WARN_BOOL_CONVERSION = YES;
				CLANG_WARN_COMMA = YES;
				CLANG_WARN_CONSTANT_CONVERSION = YES;
				CLANG_WARN_DEPRECATED_OBJC_IMPLEMENTATIONS = YES;
				CLANG_WARN_DIRECT_OBJC_ISA_USAGE = YES_ERROR;
				CLANG_WARN_DOCUMENTATION_COMMENTS = YES;
				CLANG_WARN_EMPTY_BODY = YES;
				CLANG_WARN_ENUM_CONVERSION = YES;
				CLANG_WARN_INFINITE_RECURSION = YES;
				CLANG_WARN_INT_CONVERSION = YES;
				CLANG_WARN_NON_LITERAL_NULL_CONVERSION = YES;
				CLANG_WARN_OBJC_IMPLICIT_RETAIN_SELF = YES;
				CLANG_WARN_OBJC_LITERAL_CONVERSION = YES;
				CLANG_WARN_OBJC_ROOT_CLASS = YES_ERROR;
				CLANG_WARN_RANGE_LOOP_ANALYSIS = YES;
				CLANG_WARN_STRICT_PROTOTYPES = YES;
				CLANG_WARN_SUSPICIOUS_MOVE = YES;
				CLANG_WARN_UNGUARDED_AVAILABILITY = YES_AGGRESSIVE;
				CLANG_WARN_UNREACHABLE_CODE = YES;
				CLANG_WARN__DUPLICATE_METHOD_MATCH = YES;
				COPY_PHASE_STRIP = NO;
				DEBUG_INFORMATION_FORMAT = "dwarf-with-dsym";
				ENABLE_NS_ASSERTIONS = NO;
				ENABLE_STRICT_OBJC_MSGSEND = YES;
				GCC_C_LANGUAGE_STANDARD = gnu11;
				GCC_NO_COMMON_BLOCKS = YES;
				GCC_WARN_64_TO_32_BIT_CONVERSION = YES;
				GCC_WARN_ABOUT_RETURN_TYPE = YES_ERROR;
				GCC_WARN_UNDECLARED_SELECTOR = YES;
				GCC_WARN_UNINITIALIZED_AUTOS = YES_AGGRESSIVE;
				GCC_WARN_UNUSED_FUNCTION = YES;
				GCC_WARN_UNUSED_VARIABLE = YES;
				IPHONEOS_DEPLOYMENT_TARGET = 13.6;
				MTL_ENABLE_DEBUG_INFO = NO;
				MTL_FAST_MATH = YES;
				SDKROOT = iphoneos;
				SWIFT_COMPILATION_MODE = wholemodule;
				SWIFT_OPTIMIZATION_LEVEL = "-O";
				VALIDATE_PRODUCT = YES;
			};
			name = Release;
		};
		B224FF3424FF2C0B00465ECF /* Debug */ = {
			isa = XCBuildConfiguration;
			buildSettings = {
				ASSETCATALOG_COMPILER_APPICON_NAME = AppIcon;
				CODE_SIGN_STYLE = Automatic;
				INFOPLIST_FILE = CompanyContacts/Info.plist;
				LD_RUNPATH_SEARCH_PATHS = (
					"$(inherited)",
					"@executable_path/Frameworks",
				);
				PRODUCT_BUNDLE_IDENTIFIER = com.kudryatzhan.CompanyContacts;
				PRODUCT_NAME = "$(TARGET_NAME)";
				SWIFT_VERSION = 5.0;
				TARGETED_DEVICE_FAMILY = "1,2";
			};
			name = Debug;
		};
		B224FF3524FF2C0B00465ECF /* Release */ = {
			isa = XCBuildConfiguration;
			buildSettings = {
				ASSETCATALOG_COMPILER_APPICON_NAME = AppIcon;
				CODE_SIGN_STYLE = Automatic;
				INFOPLIST_FILE = CompanyContacts/Info.plist;
				LD_RUNPATH_SEARCH_PATHS = (
					"$(inherited)",
					"@executable_path/Frameworks",
				);
				PRODUCT_BUNDLE_IDENTIFIER = com.kudryatzhan.CompanyContacts;
				PRODUCT_NAME = "$(TARGET_NAME)";
				SWIFT_VERSION = 5.0;
				TARGETED_DEVICE_FAMILY = "1,2";
			};
			name = Release;
		};
/* End XCBuildConfiguration section */

/* Begin XCConfigurationList section */
		B224FF1A24FF2C0900465ECF /* Build configuration list for PBXProject "CompanyContacts" */ = {
			isa = XCConfigurationList;
			buildConfigurations = (
				B224FF3124FF2C0B00465ECF /* Debug */,
				B224FF3224FF2C0B00465ECF /* Release */,
			);
			defaultConfigurationIsVisible = 0;
			defaultConfigurationName = Release;
		};
		B224FF3324FF2C0B00465ECF /* Build configuration list for PBXNativeTarget "CompanyContacts" */ = {
			isa = XCConfigurationList;
			buildConfigurations = (
				B224FF3424FF2C0B00465ECF /* Debug */,
				B224FF3524FF2C0B00465ECF /* Release */,
			);
			defaultConfigurationIsVisible = 0;
			defaultConfigurationName = Release;
		};
/* End XCConfigurationList section */
	};
	rootObject = B224FF1724FF2C0900465ECF /* Project object */;
}
